// !$*UTF8*$!
{
	archiveVersion = 1;
	classes = {
	};
	objectVersion = 46;
	objects = {

/* Begin PBXBuildFile section */
		9B2AF02D1BD72BEC00E904A3 /* main.m in Sources */ = {isa = PBXBuildFile; fileRef = 9B2AF02C1BD72BEC00E904A3 /* main.m */; };
		9B2AF0301BD72BEC00E904A3 /* AppDelegate.m in Sources */ = {isa = PBXBuildFile; fileRef = 9B2AF02F1BD72BEC00E904A3 /* AppDelegate.m */; };
		9B2AF0331BD72BEC00E904A3 /* ViewController.m in Sources */ = {isa = PBXBuildFile; fileRef = 9B2AF0321BD72BEC00E904A3 /* ViewController.m */; };
		9B2AF0361BD72BEC00E904A3 /* Main.storyboard in Resources */ = {isa = PBXBuildFile; fileRef = 9B2AF0341BD72BEC00E904A3 /* Main.storyboard */; };
		9B2AF0391BD72BEC00E904A3 /* HuiHuaTest.xcdatamodeld in Sources */ = {isa = PBXBuildFile; fileRef = 9B2AF0371BD72BEC00E904A3 /* HuiHuaTest.xcdatamodeld */; };
		9B2AF03B1BD72BEC00E904A3 /* Assets.xcassets in Resources */ = {isa = PBXBuildFile; fileRef = 9B2AF03A1BD72BEC00E904A3 /* Assets.xcassets */; };
		9B2AF03E1BD72BEC00E904A3 /* LaunchScreen.storyboard in Resources */ = {isa = PBXBuildFile; fileRef = 9B2AF03C1BD72BEC00E904A3 /* LaunchScreen.storyboard */; };
		9B2AF0491BD72BEC00E904A3 /* HuiHuaTestTests.m in Sources */ = {isa = PBXBuildFile; fileRef = 9B2AF0481BD72BEC00E904A3 /* HuiHuaTestTests.m */; };
		9B2AF0541BD72BED00E904A3 /* HuiHuaTestUITests.m in Sources */ = {isa = PBXBuildFile; fileRef = 9B2AF0531BD72BED00E904A3 /* HuiHuaTestUITests.m */; };
		9B75659D1BD76A8D003B4B3F /* CrView.m in Sources */ = {isa = PBXBuildFile; fileRef = 9B75659C1BD76A8D003B4B3F /* CrView.m */; settings = {ASSET_TAGS = (); }; };
/* End PBXBuildFile section */

/* Begin PBXContainerItemProxy section */
		9B2AF0451BD72BEC00E904A3 /* PBXContainerItemProxy */ = {
			isa = PBXContainerItemProxy;
			containerPortal = 9B2AF0201BD72BEC00E904A3 /* Project object */;
			proxyType = 1;
			remoteGlobalIDString = 9B2AF0271BD72BEC00E904A3;
			remoteInfo = HuiHuaTest;
		};
		9B2AF0501BD72BEC00E904A3 /* PBXContainerItemProxy */ = {
			isa = PBXContainerItemProxy;
			containerPortal = 9B2AF0201BD72BEC00E904A3 /* Project object */;
			proxyType = 1;
			remoteGlobalIDString = 9B2AF0271BD72BEC00E904A3;
			remoteInfo = HuiHuaTest;
		};
/* End PBXContainerItemProxy section */

/* Begin PBXFileReference section */
		9B2AF0281BD72BEC00E904A3 /* HuiHuaTest.app */ = {isa = PBXFileReference; explicitFileType = wrapper.application; includeInIndex = 0; path = HuiHuaTest.app; sourceTree = BUILT_PRODUCTS_DIR; };
		9B2AF02C1BD72BEC00E904A3 /* main.m */ = {isa = PBXFileReference; lastKnownFileType = sourcecode.c.objc; path = main.m; sourceTree = "<group>"; };
		9B2AF02E1BD72BEC00E904A3 /* AppDelegate.h */ = {isa = PBXFileReference; lastKnownFileType = sourcecode.c.h; path = AppDelegate.h; sourceTree = "<group>"; };
		9B2AF02F1BD72BEC00E904A3 /* AppDelegate.m */ = {isa = PBXFileReference; lastKnownFileType = sourcecode.c.objc; path = AppDelegate.m; sourceTree = "<group>"; };
		9B2AF0311BD72BEC00E904A3 /* ViewController.h */ = {isa = PBXFileReference; lastKnownFileType = sourcecode.c.h; path = ViewController.h; sourceTree = "<group>"; };
		9B2AF0321BD72BEC00E904A3 /* ViewController.m */ = {isa = PBXFileReference; lastKnownFileType = sourcecode.c.objc; path = ViewController.m; sourceTree = "<group>"; };
		9B2AF0351BD72BEC00E904A3 /* Base */ = {isa = PBXFileReference; lastKnownFileType = file.storyboard; name = Base; path = Base.lproj/Main.storyboard; sourceTree = "<group>"; };
		9B2AF0381BD72BEC00E904A3 /* HuiHuaTest.xcdatamodel */ = {isa = PBXFileReference; lastKnownFileType = wrapper.xcdatamodel; path = HuiHuaTest.xcdatamodel; sourceTree = "<group>"; };
		9B2AF03A1BD72BEC00E904A3 /* Assets.xcassets */ = {isa = PBXFileReference; lastKnownFileType = folder.assetcatalog; path = Assets.xcassets; sourceTree = "<group>"; };
		9B2AF03D1BD72BEC00E904A3 /* Base */ = {isa = PBXFileReference; lastKnownFileType = file.storyboard; name = Base; path = Base.lproj/LaunchScreen.storyboard; sourceTree = "<group>"; };
		9B2AF03F1BD72BEC00E904A3 /* Info.plist */ = {isa = PBXFileReference; lastKnownFileType = text.plist.xml; path = Info.plist; sourceTree = "<group>"; };
		9B2AF0441BD72BEC00E904A3 /* HuiHuaTestTests.xctest */ = {isa = PBXFileReference; explicitFileType = wrapper.cfbundle; includeInIndex = 0; path = HuiHuaTestTests.xctest; sourceTree = BUILT_PRODUCTS_DIR; };
		9B2AF0481BD72BEC00E904A3 /* HuiHuaTestTests.m */ = {isa = PBXFileReference; lastKnownFileType = sourcecode.c.objc; path = HuiHuaTestTests.m; sourceTree = "<group>"; };
		9B2AF04A1BD72BEC00E904A3 /* Info.plist */ = {isa = PBXFileReference; lastKnownFileType = text.plist.xml; path = Info.plist; sourceTree = "<group>"; };
		9B2AF04F1BD72BEC00E904A3 /* HuiHuaTestUITests.xctest */ = {isa = PBXFileReference; explicitFileType = wrapper.cfbundle; includeInIndex = 0; path = HuiHuaTestUITests.xctest; sourceTree = BUILT_PRODUCTS_DIR; };
		9B2AF0531BD72BED00E904A3 /* HuiHuaTestUITests.m */ = {isa = PBXFileReference; lastKnownFileType = sourcecode.c.objc; path = HuiHuaTestUITests.m; sourceTree = "<group>"; };
		9B2AF0551BD72BED00E904A3 /* Info.plist */ = {isa = PBXFileReference; lastKnownFileType = text.plist.xml; path = Info.plist; sourceTree = "<group>"; };
		9B75659B1BD76A8D003B4B3F /* CrView.h */ = {isa = PBXFileReference; fileEncoding = 4; lastKnownFileType = sourcecode.c.h; path = CrView.h; sourceTree = "<group>"; };
		9B75659C1BD76A8D003B4B3F /* CrView.m */ = {isa = PBXFileReference; fileEncoding = 4; lastKnownFileType = sourcecode.c.objc; path = CrView.m; sourceTree = "<group>"; };
/* End PBXFileReference section */

/* Begin PBXFrameworksBuildPhase section */
		9B2AF0251BD72BEC00E904A3 /* Frameworks */ = {
			isa = PBXFrameworksBuildPhase;
			buildActionMask = 2147483647;
			files = (
			);
			runOnlyForDeploymentPostprocessing = 0;
		};
		9B2AF0411BD72BEC00E904A3 /* Frameworks */ = {
			isa = PBXFrameworksBuildPhase;
			buildActionMask = 2147483647;
			files = (
			);
			runOnlyForDeploymentPostprocessing = 0;
		};
		9B2AF04C1BD72BEC00E904A3 /* Frameworks */ = {
			isa = PBXFrameworksBuildPhase;
			buildActionMask = 2147483647;
			files = (
			);
			runOnlyForDeploymentPostprocessing = 0;
		};
/* End PBXFrameworksBuildPhase section */

/* Begin PBXGroup section */
		9B2AF01F1BD72BEC00E904A3 = {
			isa = PBXGroup;
			children = (
				9B2AF02A1BD72BEC00E904A3 /* HuiHuaTest */,
				9B2AF0471BD72BEC00E904A3 /* HuiHuaTestTests */,
				9B2AF0521BD72BED00E904A3 /* HuiHuaTestUITests */,
				9B2AF0291BD72BEC00E904A3 /* Products */,
			);
			sourceTree = "<group>";
		};
		9B2AF0291BD72BEC00E904A3 /* Products */ = {
			isa = PBXGroup;
			children = (
				9B2AF0281BD72BEC00E904A3 /* HuiHuaTest.app */,
				9B2AF0441BD72BEC00E904A3 /* HuiHuaTestTests.xctest */,
				9B2AF04F1BD72BEC00E904A3 /* HuiHuaTestUITests.xctest */,
			);
			name = Products;
			sourceTree = "<group>";
		};
		9B2AF02A1BD72BEC00E904A3 /* HuiHuaTest */ = {
			isa = PBXGroup;
			children = (
				9B2AF02E1BD72BEC00E904A3 /* AppDelegate.h */,
				9B2AF02F1BD72BEC00E904A3 /* AppDelegate.m */,
				9B2AF0311BD72BEC00E904A3 /* ViewController.h */,
				9B2AF0321BD72BEC00E904A3 /* ViewController.m */,
				9B2AF0341BD72BEC00E904A3 /* Main.storyboard */,
				9B75659B1BD76A8D003B4B3F /* CrView.h */,
				9B75659C1BD76A8D003B4B3F /* CrView.m */,
				9B2AF03A1BD72BEC00E904A3 /* Assets.xcassets */,
				9B2AF03C1BD72BEC00E904A3 /* LaunchScreen.storyboard */,
				9B2AF03F1BD72BEC00E904A3 /* Info.plist */,
				9B2AF0371BD72BEC00E904A3 /* HuiHuaTest.xcdatamodeld */,
				9B2AF02B1BD72BEC00E904A3 /* Supporting Files */,
			);
			path = HuiHuaTest;
			sourceTree = "<group>";
		};
		9B2AF02B1BD72BEC00E904A3 /* Supporting Files */ = {
			isa = PBXGroup;
			children = (
				9B2AF02C1BD72BEC00E904A3 /* main.m */,
			);
			name = "Supporting Files";
			sourceTree = "<group>";
		};
		9B2AF0471BD72BEC00E904A3 /* HuiHuaTestTests */ = {
			isa = PBXGroup;
			children = (
				9B2AF0481BD72BEC00E904A3 /* HuiHuaTestTests.m */,
				9B2AF04A1BD72BEC00E904A3 /* Info.plist */,
			);
			path = HuiHuaTestTests;
			sourceTree = "<group>";
		};
		9B2AF0521BD72BED00E904A3 /* HuiHuaTestUITests */ = {
			isa = PBXGroup;
			children = (
				9B2AF0531BD72BED00E904A3 /* HuiHuaTestUITests.m */,
				9B2AF0551BD72BED00E904A3 /* Info.plist */,
			);
			path = HuiHuaTestUITests;
			sourceTree = "<group>";
		};
/* End PBXGroup section */

/* Begin PBXNativeTarget section */
		9B2AF0271BD72BEC00E904A3 /* HuiHuaTest */ = {
			isa = PBXNativeTarget;
			buildConfigurationList = 9B2AF0581BD72BED00E904A3 /* Build configuration list for PBXNativeTarget "HuiHuaTest" */;
			buildPhases = (
				9B2AF0241BD72BEC00E904A3 /* Sources */,
				9B2AF0251BD72BEC00E904A3 /* Frameworks */,
				9B2AF0261BD72BEC00E904A3 /* Resources */,
			);
			buildRules = (
			);
			dependencies = (
			);
			name = HuiHuaTest;
			productName = HuiHuaTest;
			productReference = 9B2AF0281BD72BEC00E904A3 /* HuiHuaTest.app */;
			productType = "com.apple.product-type.application";
		};
		9B2AF0431BD72BEC00E904A3 /* HuiHuaTestTests */ = {
			isa = PBXNativeTarget;
			buildConfigurationList = 9B2AF05B1BD72BED00E904A3 /* Build configuration list for PBXNativeTarget "HuiHuaTestTests" */;
			buildPhases = (
				9B2AF0401BD72BEC00E904A3 /* Sources */,
				9B2AF0411BD72BEC00E904A3 /* Frameworks */,
				9B2AF0421BD72BEC00E904A3 /* Resources */,
			);
			buildRules = (
			);
			dependencies = (
				9B2AF0461BD72BEC00E904A3 /* PBXTargetDependency */,
			);
			name = HuiHuaTestTests;
			productName = HuiHuaTestTests;
			productReference = 9B2AF0441BD72BEC00E904A3 /* HuiHuaTestTests.xctest */;
			productType = "com.apple.product-type.bundle.unit-test";
		};
		9B2AF04E1BD72BEC00E904A3 /* HuiHuaTestUITests */ = {
			isa = PBXNativeTarget;
			buildConfigurationList = 9B2AF05E1BD72BED00E904A3 /* Build configuration list for PBXNativeTarget "HuiHuaTestUITests" */;
			buildPhases = (
				9B2AF04B1BD72BEC00E904A3 /* Sources */,
				9B2AF04C1BD72BEC00E904A3 /* Frameworks */,
				9B2AF04D1BD72BEC00E904A3 /* Resources */,
			);
			buildRules = (
			);
			dependencies = (
				9B2AF0511BD72BEC00E904A3 /* PBXTargetDependency */,
			);
			name = HuiHuaTestUITests;
			productName = HuiHuaTestUITests;
			productReference = 9B2AF04F1BD72BEC00E904A3 /* HuiHuaTestUITests.xctest */;
			productType = "com.apple.product-type.bundle.ui-testing";
		};
/* End PBXNativeTarget section */

/* Begin PBXProject section */
		9B2AF0201BD72BEC00E904A3 /* Project object */ = {
			isa = PBXProject;
			attributes = {
				LastUpgradeCheck = 0700;
				ORGANIZATIONNAME = "李新波";
				TargetAttributes = {
					9B2AF0271BD72BEC00E904A3 = {
						CreatedOnToolsVersion = 7.0.1;
					};
					9B2AF0431BD72BEC00E904A3 = {
						CreatedOnToolsVersion = 7.0.1;
						TestTargetID = 9B2AF0271BD72BEC00E904A3;
					};
					9B2AF04E1BD72BEC00E904A3 = {
						CreatedOnToolsVersion = 7.0.1;
						TestTargetID = 9B2AF0271BD72BEC00E904A3;
					};
				};
			};
			buildConfigurationList = 9B2AF0231BD72BEC00E904A3 /* Build configuration list for PBXProject "HuiHuaTest" */;
			compatibilityVersion = "Xcode 3.2";
			developmentRegion = English;
			hasScannedForEncodings = 0;
			knownRegions = (
				en,
				Base,
			);
			mainGroup = 9B2AF01F1BD72BEC00E904A3;
			productRefGroup = 9B2AF0291BD72BEC00E904A3 /* Products */;
			projectDirPath = "";
			projectRoot = "";
			targets = (
				9B2AF0271BD72BEC00E904A3 /* HuiHuaTest */,
				9B2AF0431BD72BEC00E904A3 /* HuiHuaTestTests */,
				9B2AF04E1BD72BEC00E904A3 /* HuiHuaTestUITests */,
			);
		};
/* End PBXProject section */

/* Begin PBXResourcesBuildPhase section */
		9B2AF0261BD72BEC00E904A3 /* Resources */ = {
			isa = PBXResourcesBuildPhase;
			buildActionMask = 2147483647;
			files = (
				9B2AF03E1BD72BEC00E904A3 /* LaunchScreen.storyboard in Resources */,
				9B2AF03B1BD72BEC00E904A3 /* Assets.xcassets in Resources */,
				9B2AF0361BD72BEC00E904A3 /* Main.storyboard in Resources */,
			);
			runOnlyForDeploymentPostprocessing = 0;
		};
		9B2AF0421BD72BEC00E904A3 /* Resources */ = {
			isa = PBXResourcesBuildPhase;
			buildActionMask = 2147483647;
			files = (
			);
			runOnlyForDeploymentPostprocessing = 0;
		};
		9B2AF04D1BD72BEC00E904A3 /* Resources */ = {
			isa = PBXResourcesBuildPhase;
			buildActionMask = 2147483647;
			files = (
			);
			runOnlyForDeploymentPostprocessing = 0;
		};
/* End PBXResourcesBuildPhase section */

/* Begin PBXSourcesBuildPhase section */
		9B2AF0241BD72BEC00E904A3 /* Sources */ = {
			isa = PBXSourcesBuildPhase;
			buildActionMask = 2147483647;
			files = (
				9B2AF0331BD72BEC00E904A3 /* ViewController.m in Sources */,
				9B2AF0301BD72BEC00E904A3 /* AppDelegate.m in Sources */,
				9B2AF02D1BD72BEC00E904A3 /* main.m in Sources */,
				9B2AF0391BD72BEC00E904A3 /* HuiHuaTest.xcdatamodeld in Sources */,
				9B75659D1BD76A8D003B4B3F /* CrView.m in Sources */,
			);
			runOnlyForDeploymentPostprocessing = 0;
		};
		9B2AF0401BD72BEC00E904A3 /* Sources */ = {
			isa = PBXSourcesBuildPhase;
			buildActionMask = 2147483647;
			files = (
				9B2AF0491BD72BEC00E904A3 /* HuiHuaTestTests.m in Sources */,
			);
			runOnlyForDeploymentPostprocessing = 0;
		};
		9B2AF04B1BD72BEC00E904A3 /* Sources */ = {
			isa = PBXSourcesBuildPhase;
			buildActionMask = 2147483647;
			files = (
				9B2AF0541BD72BED00E904A3 /* HuiHuaTestUITests.m in Sources */,
			);
			runOnlyForDeploymentPostprocessing = 0;
		};
/* End PBXSourcesBuildPhase section */

/* Begin PBXTargetDependency section */
		9B2AF0461BD72BEC00E904A3 /* PBXTargetDependency */ = {
			isa = PBXTargetDependency;
			target = 9B2AF0271BD72BEC00E904A3 /* HuiHuaTest */;
			targetProxy = 9B2AF0451BD72BEC00E904A3 /* PBXContainerItemProxy */;
		};
		9B2AF0511BD72BEC00E904A3 /* PBXTargetDependency */ = {
			isa = PBXTargetDependency;
			target = 9B2AF0271BD72BEC00E904A3 /* HuiHuaTest */;
			targetProxy = 9B2AF0501BD72BEC00E904A3 /* PBXContainerItemProxy */;
		};
/* End PBXTargetDependency section */

/* Begin PBXVariantGroup section */
		9B2AF0341BD72BEC00E904A3 /* Main.storyboard */ = {
			isa = PBXVariantGroup;
			children = (
				9B2AF0351BD72BEC00E904A3 /* Base */,
			);
			name = Main.storyboard;
			sourceTree = "<group>";
		};
		9B2AF03C1BD72BEC00E904A3 /* LaunchScreen.storyboard */ = {
			isa = PBXVariantGroup;
			children = (
				9B2AF03D1BD72BEC00E904A3 /* Base */,
			);
			name = LaunchScreen.storyboard;
			sourceTree = "<group>";
		};
/* End PBXVariantGroup section */

/* Begin XCBuildConfiguration section */
		9B2AF0561BD72BED00E904A3 /* Debug */ = {
			isa = XCBuildConfiguration;
			buildSettings = {
				ALWAYS_SEARCH_USER_PATHS = NO;
				CLANG_CXX_LANGUAGE_STANDARD = "gnu++0x";
				CLANG_CXX_LIBRARY = "libc++";
				CLANG_ENABLE_MODULES = YES;
				CLANG_ENABLE_OBJC_ARC = YES;
				CLANG_WARN_BOOL_CONVERSION = YES;
				CLANG_WARN_CONSTANT_CONVERSION = YES;
				CLANG_WARN_DIRECT_OBJC_ISA_USAGE = YES_ERROR;
				CLANG_WARN_EMPTY_BODY = YES;
				CLANG_WARN_ENUM_CONVERSION = YES;
				CLANG_WARN_INT_CONVERSION = YES;
				CLANG_WARN_OBJC_ROOT_CLASS = YES_ERROR;
				CLANG_WARN_UNREACHABLE_CODE = YES;
				CLANG_WARN__DUPLICATE_METHOD_MATCH = YES;
				"CODE_SIGN_IDENTITY[sdk=iphoneos*]" = "iPhone Developer";
				COPY_PHASE_STRIP = NO;
				DEBUG_INFORMATION_FORMAT = dwarf;
				ENABLE_STRICT_OBJC_MSGSEND = YES;
				ENABLE_TESTABILITY = YES;
				GCC_C_LANGUAGE_STANDARD = gnu99;
				GCC_DYNAMIC_NO_PIC = NO;
				GCC_NO_COMMON_BLOCKS = YES;
				GCC_OPTIMIZATION_LEVEL = 0;
				GCC_PREPROCESSOR_DEFINITIONS = (
					"DEBUG=1",
					"$(inherited)",
				);
				GCC_WARN_64_TO_32_BIT_CONVERSION = YES;
				GCC_WARN_ABOUT_RETURN_TYPE = YES_ERROR;
				GCC_WARN_UNDECLARED_SELECTOR = YES;
				GCC_WARN_UNINITIALIZED_AUTOS = YES_AGGRESSIVE;
				GCC_WARN_UNUSED_FUNCTION = YES;
				GCC_WARN_UNUSED_VARIABLE = YES;
				IPHONEOS_DEPLOYMENT_TARGET = 9.0;
				MTL_ENABLE_DEBUG_INFO = YES;
				ONLY_ACTIVE_ARCH = YES;
				SDKROOT = iphoneos;
				TARGETED_DEVICE_FAMILY = "1,2";
			};
			name = Debug;
		};
		9B2AF0571BD72BED00E904A3 /* Release */ = {
			isa = XCBuildConfiguration;
			buildSettings = {
				ALWAYS_SEARCH_USER_PATHS = NO;
				CLANG_CXX_LANGUAGE_STANDARD = "gnu++0x";
				CLANG_CXX_LIBRARY = "libc++";
				CLANG_ENABLE_MODULES = YES;
				CLANG_ENABLE_OBJC_ARC = YES;
				CLANG_WARN_BOOL_CONVERSION = YES;
				CLANG_WARN_CONSTANT_CONVERSION = YES;
				CLANG_WARN_DIRECT_OBJC_ISA_USAGE = YES_ERROR;
				CLANG_WARN_EMPTY_BODY = YES;
				CLANG_WARN_ENUM_CONVERSION = YES;
				CLANG_WARN_INT_CONVERSION = YES;
				CLANG_WARN_OBJC_ROOT_CLASS = YES_ERROR;
				CLANG_WARN_UNREACHABLE_CODE = YES;
				CLANG_WARN__DUPLICATE_METHOD_MATCH = YES;
				"CODE_SIGN_IDENTITY[sdk=iphoneos*]" = "iPhone Developer";
				COPY_PHASE_STRIP = NO;
				DEBUG_INFORMATION_FORMAT = "dwarf-with-dsym";
				ENABLE_NS_ASSERTIONS = NO;
				ENABLE_STRICT_OBJC_MSGSEND = YES;
				GCC_C_LANGUAGE_STANDARD = gnu99;
				GCC_NO_COMMON_BLOCKS = YES;
				GCC_WARN_64_TO_32_BIT_CONVERSION = YES;
				GCC_WARN_ABOUT_RETURN_TYPE = YES_ERROR;
				GCC_WARN_UNDECLARED_SELECTOR = YES;
				GCC_WARN_UNINITIALIZED_AUTOS = YES_AGGRESSIVE;
				GCC_WARN_UNUSED_FUNCTION = YES;
				GCC_WARN_UNUSED_VARIABLE = YES;
				IPHONEOS_DEPLOYMENT_TARGET = 9.0;
				MTL_ENABLE_DEBUG_INFO = NO;
				SDKROOT = iphoneos;
				TARGETED_DEVICE_FAMILY = "1,2";
				VALIDATE_PRODUCT = YES;
			};
			name = Release;
		};
		9B2AF0591BD72BED00E904A3 /* Debug */ = {
			isa = XCBuildConfiguration;
			buildSettings = {
				ASSETCATALOG_COMPILER_APPICON_NAME = AppIcon;
				INFOPLIST_FILE = HuiHuaTest/Info.plist;
				LD_RUNPATH_SEARCH_PATHS = "$(inherited) @executable_path/Frameworks";
				PRODUCT_BUNDLE_IDENTIFIER = www.unimker.com.HuiHuaTest;
				PRODUCT_NAME = "$(TARGET_NAME)";
				PROVISIONING_PROFILE = "8adfa9e7-f763-48fd-bc8c-4ac3ae4f1652";
			};
			name = Debug;
		};
		9B2AF05A1BD72BED00E904A3 /* Release */ = {
			isa = XCBuildConfiguration;
			buildSettings = {
				ASSETCATALOG_COMPILER_APPICON_NAME = AppIcon;
				INFOPLIST_FILE = HuiHuaTest/Info.plist;
				LD_RUNPATH_SEARCH_PATHS = "$(inherited) @executable_path/Frameworks";
				PRODUCT_BUNDLE_IDENTIFIER = www.unimker.com.HuiHuaTest;
				PRODUCT_NAME = "$(TARGET_NAME)";
				PROVISIONING_PROFILE = "8adfa9e7-f763-48fd-bc8c-4ac3ae4f1652";
			};
			name = Release;
		};
		9B2AF05C1BD72BED00E904A3 /* Debug */ = {
			isa = XCBuildConfiguration;
			buildSettings = {
				BUNDLE_LOADER = "$(TEST_HOST)";
				INFOPLIST_FILE = HuiHuaTestTests/Info.plist;
				LD_RUNPATH_SEARCH_PATHS = "$(inherited) @executable_path/Frameworks @loader_path/Frameworks";
				PRODUCT_BUNDLE_IDENTIFIER = www.unimker.com.HuiHuaTestTests;
				PRODUCT_NAME = "$(TARGET_NAME)";
				TEST_HOST = "$(BUILT_PRODUCTS_DIR)/HuiHuaTest.app/HuiHuaTest";
			};
			name = Debug;
		};
		9B2AF05D1BD72BED00E904A3 /* Release */ = {
			isa = XCBuildConfiguration;
			buildSettings = {
				BUNDLE_LOADER = "$(TEST_HOST)";
				INFOPLIST_FILE = HuiHuaTestTests/Info.plist;
				LD_RUNPATH_SEARCH_PATHS = "$(inherited) @executable_path/Frameworks @loader_path/Frameworks";
				PRODUCT_BUNDLE_IDENTIFIER = www.unimker.com.HuiHuaTestTests;
				PRODUCT_NAME = "$(TARGET_NAME)";
				TEST_HOST = "$(BUILT_PRODUCTS_DIR)/HuiHuaTest.app/HuiHuaTest";
			};
			name = Release;
		};
		9B2AF05F1BD72BED00E904A3 /* Debug */ = {
			isa = XCBuildConfiguration;
			buildSettings = {
				INFOPLIST_FILE = HuiHuaTestUITests/Info.plist;
				LD_RUNPATH_SEARCH_PATHS = "$(inherited) @executable_path/Frameworks @loader_path/Frameworks";
				PRODUCT_BUNDLE_IDENTIFIER = www.unimker.com.HuiHuaTestUITests;
				PRODUCT_NAME = "$(TARGET_NAME)";
				TEST_TARGET_NAME = HuiHuaTest;
				USES_XCTRUNNER = YES;
			};
			name = Debug;
		};
		9B2AF0601BD72BED00E904A3 /* Release */ = {
			isa = XCBuildConfiguration;
			buildSettings = {
				INFOPLIST_FILE = HuiHuaTestUITests/Info.plist;
				LD_RUNPATH_SEARCH_PATHS = "$(inherited) @executable_path/Frameworks @loader_path/Frameworks";
				PRODUCT_BUNDLE_IDENTIFIER = www.unimker.com.HuiHuaTestUITests;
				PRODUCT_NAME = "$(TARGET_NAME)";
				TEST_TARGET_NAME = HuiHuaTest;
				USES_XCTRUNNER = YES;
			};
			name = Release;
		};
/* End XCBuildConfiguration section */

/* Begin XCConfigurationList section */
		9B2AF0231BD72BEC00E904A3 /* Build configuration list for PBXProject "HuiHuaTest" */ = {
			isa = XCConfigurationList;
			buildConfigurations = (
				9B2AF0561BD72BED00E904A3 /* Debug */,
				9B2AF0571BD72BED00E904A3 /* Release */,
			);
			defaultConfigurationIsVisible = 0;
			defaultConfigurationName = Release;
		};
		9B2AF0581BD72BED00E904A3 /* Build configuration list for PBXNativeTarget "HuiHuaTest" */ = {
			isa = XCConfigurationList;
			buildConfigurations = (
				9B2AF0591BD72BED00E904A3 /* Debug */,
				9B2AF05A1BD72BED00E904A3 /* Release */,
			);
			defaultConfigurationIsVisible = 0;
			defaultConfigurationName = Release;
		};
		9B2AF05B1BD72BED00E904A3 /* Build configuration list for PBXNativeTarget "HuiHuaTestTests" */ = {
			isa = XCConfigurationList;
			buildConfigurations = (
				9B2AF05C1BD72BED00E904A3 /* Debug */,
				9B2AF05D1BD72BED00E904A3 /* Release */,
			);
			defaultConfigurationIsVisible = 0;
			defaultConfigurationName = Release;
		};
		9B2AF05E1BD72BED00E904A3 /* Build configuration list for PBXNativeTarget "HuiHuaTestUITests" */ = {
			isa = XCConfigurationList;
			buildConfigurations = (
				9B2AF05F1BD72BED00E904A3 /* Debug */,
				9B2AF0601BD72BED00E904A3 /* Release */,
			);
			defaultConfigurationIsVisible = 0;
			defaultConfigurationName = Release;
		};
/* End XCConfigurationList section */

/* Begin XCVersionGroup section */
		9B2AF0371BD72BEC00E904A3 /* HuiHuaTest.xcdatamodeld */ = {
			isa = XCVersionGroup;
			children = (
				9B2AF0381BD72BEC00E904A3 /* HuiHuaTest.xcdatamodel */,
			);
			currentVersion = 9B2AF0381BD72BEC00E904A3 /* HuiHuaTest.xcdatamodel */;
			path = HuiHuaTest.xcdatamodeld;
			sourceTree = "<group>";
			versionGroupType = wrapper.xcdatamodel;
		};
/* End XCVersionGroup section */
	};
	rootObject = 9B2AF0201BD72BEC00E904A3 /* Project object */;
}
